// !$*UTF8*$!
{
	archiveVersion = 1;
	classes = {
	};
	objectVersion = 50;
	objects = {

/* Begin PBXBuildFile section */
		C3D0688E24E3184000C3B23D /* AppDelegate.swift in Sources */ = {isa = PBXBuildFile; fileRef = C3D0688D24E3184000C3B23D /* AppDelegate.swift */; };
		C3D0689024E3184000C3B23D /* SceneDelegate.swift in Sources */ = {isa = PBXBuildFile; fileRef = C3D0688F24E3184000C3B23D /* SceneDelegate.swift */; };
		C3D0689224E3184000C3B23D /* ViewController.swift in Sources */ = {isa = PBXBuildFile; fileRef = C3D0689124E3184000C3B23D /* ViewController.swift */; };
		C3D0689524E3184000C3B23D /* Main.storyboard in Resources */ = {isa = PBXBuildFile; fileRef = C3D0689324E3184000C3B23D /* Main.storyboard */; };
		C3D0689824E3184100C3B23D /* GitHub_Example.xcdatamodeld in Sources */ = {isa = PBXBuildFile; fileRef = C3D0689624E3184000C3B23D /* GitHub_Example.xcdatamodeld */; };
		C3D0689A24E3184200C3B23D /* Assets.xcassets in Resources */ = {isa = PBXBuildFile; fileRef = C3D0689924E3184200C3B23D /* Assets.xcassets */; };
		C3D0689D24E3184200C3B23D /* LaunchScreen.storyboard in Resources */ = {isa = PBXBuildFile; fileRef = C3D0689B24E3184200C3B23D /* LaunchScreen.storyboard */; };
		C3D068A824E3184300C3B23D /* GitHub_ExampleTests.swift in Sources */ = {isa = PBXBuildFile; fileRef = C3D068A724E3184300C3B23D /* GitHub_ExampleTests.swift */; };
		C3D068B324E3184300C3B23D /* GitHub_ExampleUITests.swift in Sources */ = {isa = PBXBuildFile; fileRef = C3D068B224E3184300C3B23D /* GitHub_ExampleUITests.swift */; };
/* End PBXBuildFile section */

/* Begin PBXContainerItemProxy section */
		C3D068A424E3184300C3B23D /* PBXContainerItemProxy */ = {
			isa = PBXContainerItemProxy;
			containerPortal = C3D0688224E3184000C3B23D /* Project object */;
			proxyType = 1;
			remoteGlobalIDString = C3D0688924E3184000C3B23D;
			remoteInfo = "GitHub Example";
		};
		C3D068AF24E3184300C3B23D /* PBXContainerItemProxy */ = {
			isa = PBXContainerItemProxy;
			containerPortal = C3D0688224E3184000C3B23D /* Project object */;
			proxyType = 1;
			remoteGlobalIDString = C3D0688924E3184000C3B23D;
			remoteInfo = "GitHub Example";
		};
/* End PBXContainerItemProxy section */

/* Begin PBXFileReference section */
		C3D0688A24E3184000C3B23D /* GitHub Example.app */ = {isa = PBXFileReference; explicitFileType = wrapper.application; includeInIndex = 0; path = "GitHub Example.app"; sourceTree = BUILT_PRODUCTS_DIR; };
		C3D0688D24E3184000C3B23D /* AppDelegate.swift */ = {isa = PBXFileReference; lastKnownFileType = sourcecode.swift; path = AppDelegate.swift; sourceTree = "<group>"; };
		C3D0688F24E3184000C3B23D /* SceneDelegate.swift */ = {isa = PBXFileReference; lastKnownFileType = sourcecode.swift; path = SceneDelegate.swift; sourceTree = "<group>"; };
		C3D0689124E3184000C3B23D /* ViewController.swift */ = {isa = PBXFileReference; lastKnownFileType = sourcecode.swift; path = ViewController.swift; sourceTree = "<group>"; };
		C3D0689424E3184000C3B23D /* Base */ = {isa = PBXFileReference; lastKnownFileType = file.storyboard; name = Base; path = Base.lproj/Main.storyboard; sourceTree = "<group>"; };
		C3D0689724E3184100C3B23D /* GitHub_Example.xcdatamodel */ = {isa = PBXFileReference; lastKnownFileType = wrapper.xcdatamodel; path = GitHub_Example.xcdatamodel; sourceTree = "<group>"; };
		C3D0689924E3184200C3B23D /* Assets.xcassets */ = {isa = PBXFileReference; lastKnownFileType = folder.assetcatalog; path = Assets.xcassets; sourceTree = "<group>"; };
		C3D0689C24E3184200C3B23D /* Base */ = {isa = PBXFileReference; lastKnownFileType = file.storyboard; name = Base; path = Base.lproj/LaunchScreen.storyboard; sourceTree = "<group>"; };
		C3D0689E24E3184200C3B23D /* Info.plist */ = {isa = PBXFileReference; lastKnownFileType = text.plist.xml; path = Info.plist; sourceTree = "<group>"; };
		C3D068A324E3184300C3B23D /* GitHub ExampleTests.xctest */ = {isa = PBXFileReference; explicitFileType = wrapper.cfbundle; includeInIndex = 0; path = "GitHub ExampleTests.xctest"; sourceTree = BUILT_PRODUCTS_DIR; };
		C3D068A724E3184300C3B23D /* GitHub_ExampleTests.swift */ = {isa = PBXFileReference; lastKnownFileType = sourcecode.swift; path = GitHub_ExampleTests.swift; sourceTree = "<group>"; };
		C3D068A924E3184300C3B23D /* Info.plist */ = {isa = PBXFileReference; lastKnownFileType = text.plist.xml; path = Info.plist; sourceTree = "<group>"; };
		C3D068AE24E3184300C3B23D /* GitHub ExampleUITests.xctest */ = {isa = PBXFileReference; explicitFileType = wrapper.cfbundle; includeInIndex = 0; path = "GitHub ExampleUITests.xctest"; sourceTree = BUILT_PRODUCTS_DIR; };
		C3D068B224E3184300C3B23D /* GitHub_ExampleUITests.swift */ = {isa = PBXFileReference; lastKnownFileType = sourcecode.swift; path = GitHub_ExampleUITests.swift; sourceTree = "<group>"; };
		C3D068B424E3184300C3B23D /* Info.plist */ = {isa = PBXFileReference; lastKnownFileType = text.plist.xml; path = Info.plist; sourceTree = "<group>"; };
/* End PBXFileReference section */

/* Begin PBXFrameworksBuildPhase section */
		C3D0688724E3184000C3B23D /* Frameworks */ = {
			isa = PBXFrameworksBuildPhase;
			buildActionMask = 2147483647;
			files = (
			);
			runOnlyForDeploymentPostprocessing = 0;
		};
		C3D068A024E3184300C3B23D /* Frameworks */ = {
			isa = PBXFrameworksBuildPhase;
			buildActionMask = 2147483647;
			files = (
			);
			runOnlyForDeploymentPostprocessing = 0;
		};
		C3D068AB24E3184300C3B23D /* Frameworks */ = {
			isa = PBXFrameworksBuildPhase;
			buildActionMask = 2147483647;
			files = (
			);
			runOnlyForDeploymentPostprocessing = 0;
		};
/* End PBXFrameworksBuildPhase section */

/* Begin PBXGroup section */
		C3D0688124E3184000C3B23D = {
			isa = PBXGroup;
			children = (
				C3D0688C24E3184000C3B23D /* GitHub Example */,
				C3D068A624E3184300C3B23D /* GitHub ExampleTests */,
				C3D068B124E3184300C3B23D /* GitHub ExampleUITests */,
				C3D0688B24E3184000C3B23D /* Products */,
			);
			sourceTree = "<group>";
		};
		C3D0688B24E3184000C3B23D /* Products */ = {
			isa = PBXGroup;
			children = (
				C3D0688A24E3184000C3B23D /* GitHub Example.app */,
				C3D068A324E3184300C3B23D /* GitHub ExampleTests.xctest */,
				C3D068AE24E3184300C3B23D /* GitHub ExampleUITests.xctest */,
			);
			name = Products;
			sourceTree = "<group>";
		};
		C3D0688C24E3184000C3B23D /* GitHub Example */ = {
			isa = PBXGroup;
			children = (
				C3D0688D24E3184000C3B23D /* AppDelegate.swift */,
				C3D0688F24E3184000C3B23D /* SceneDelegate.swift */,
				C3D0689124E3184000C3B23D /* ViewController.swift */,
				C3D0689324E3184000C3B23D /* Main.storyboard */,
				C3D0689924E3184200C3B23D /* Assets.xcassets */,
				C3D0689B24E3184200C3B23D /* LaunchScreen.storyboard */,
				C3D0689E24E3184200C3B23D /* Info.plist */,
				C3D0689624E3184000C3B23D /* GitHub_Example.xcdatamodeld */,
			);
			path = "GitHub Example";
			sourceTree = "<group>";
		};
		C3D068A624E3184300C3B23D /* GitHub ExampleTests */ = {
			isa = PBXGroup;
			children = (
				C3D068A724E3184300C3B23D /* GitHub_ExampleTests.swift */,
				C3D068A924E3184300C3B23D /* Info.plist */,
			);
			path = "GitHub ExampleTests";
			sourceTree = "<group>";
		};
		C3D068B124E3184300C3B23D /* GitHub ExampleUITests */ = {
			isa = PBXGroup;
			children = (
				C3D068B224E3184300C3B23D /* GitHub_ExampleUITests.swift */,
				C3D068B424E3184300C3B23D /* Info.plist */,
			);
			path = "GitHub ExampleUITests";
			sourceTree = "<group>";
		};
/* End PBXGroup section */

/* Begin PBXNativeTarget section */
		C3D0688924E3184000C3B23D /* GitHub Example */ = {
			isa = PBXNativeTarget;
			buildConfigurationList = C3D068B724E3184300C3B23D /* Build configuration list for PBXNativeTarget "GitHub Example" */;
			buildPhases = (
				C3D0688624E3184000C3B23D /* Sources */,
				C3D0688724E3184000C3B23D /* Frameworks */,
				C3D0688824E3184000C3B23D /* Resources */,
			);
			buildRules = (
			);
			dependencies = (
			);
			name = "GitHub Example";
			productName = "GitHub Example";
			productReference = C3D0688A24E3184000C3B23D /* GitHub Example.app */;
			productType = "com.apple.product-type.application";
		};
		C3D068A224E3184300C3B23D /* GitHub ExampleTests */ = {
			isa = PBXNativeTarget;
			buildConfigurationList = C3D068BA24E3184300C3B23D /* Build configuration list for PBXNativeTarget "GitHub ExampleTests" */;
			buildPhases = (
				C3D0689F24E3184300C3B23D /* Sources */,
				C3D068A024E3184300C3B23D /* Frameworks */,
				C3D068A124E3184300C3B23D /* Resources */,
			);
			buildRules = (
			);
			dependencies = (
				C3D068A524E3184300C3B23D /* PBXTargetDependency */,
			);
			name = "GitHub ExampleTests";
			productName = "GitHub ExampleTests";
			productReference = C3D068A324E3184300C3B23D /* GitHub ExampleTests.xctest */;
			productType = "com.apple.product-type.bundle.unit-test";
		};
		C3D068AD24E3184300C3B23D /* GitHub ExampleUITests */ = {
			isa = PBXNativeTarget;
			buildConfigurationList = C3D068BD24E3184300C3B23D /* Build configuration list for PBXNativeTarget "GitHub ExampleUITests" */;
			buildPhases = (
				C3D068AA24E3184300C3B23D /* Sources */,
				C3D068AB24E3184300C3B23D /* Frameworks */,
				C3D068AC24E3184300C3B23D /* Resources */,
			);
			buildRules = (
			);
			dependencies = (
				C3D068B024E3184300C3B23D /* PBXTargetDependency */,
			);
			name = "GitHub ExampleUITests";
			productName = "GitHub ExampleUITests";
			productReference = C3D068AE24E3184300C3B23D /* GitHub ExampleUITests.xctest */;
			productType = "com.apple.product-type.bundle.ui-testing";
		};
/* End PBXNativeTarget section */

/* Begin PBXProject section */
		C3D0688224E3184000C3B23D /* Project object */ = {
			isa = PBXProject;
			attributes = {
				LastSwiftUpdateCheck = 1160;
				LastUpgradeCheck = 1160;
				ORGANIZATIONNAME = "Zoe Alves";
				TargetAttributes = {
					C3D0688924E3184000C3B23D = {
						CreatedOnToolsVersion = 11.6;
					};
					C3D068A224E3184300C3B23D = {
						CreatedOnToolsVersion = 11.6;
						TestTargetID = C3D0688924E3184000C3B23D;
					};
					C3D068AD24E3184300C3B23D = {
						CreatedOnToolsVersion = 11.6;
						TestTargetID = C3D0688924E3184000C3B23D;
					};
				};
			};
			buildConfigurationList = C3D0688524E3184000C3B23D /* Build configuration list for PBXProject "GitHub Example" */;
			compatibilityVersion = "Xcode 9.3";
			developmentRegion = en;
			hasScannedForEncodings = 0;
			knownRegions = (
				en,
				Base,
			);
			mainGroup = C3D0688124E3184000C3B23D;
			productRefGroup = C3D0688B24E3184000C3B23D /* Products */;
			projectDirPath = "";
			projectRoot = "";
			targets = (
				C3D0688924E3184000C3B23D /* GitHub Example */,
				C3D068A224E3184300C3B23D /* GitHub ExampleTests */,
				C3D068AD24E3184300C3B23D /* GitHub ExampleUITests */,
			);
		};
/* End PBXProject section */

/* Begin PBXResourcesBuildPhase section */
		C3D0688824E3184000C3B23D /* Resources */ = {
			isa = PBXResourcesBuildPhase;
			buildActionMask = 2147483647;
			files = (
				C3D0689D24E3184200C3B23D /* LaunchScreen.storyboard in Resources */,
				C3D0689A24E3184200C3B23D /* Assets.xcassets in Resources */,
				C3D0689524E3184000C3B23D /* Main.storyboard in Resources */,
			);
			runOnlyForDeploymentPostprocessing = 0;
		};
		C3D068A124E3184300C3B23D /* Resources */ = {
			isa = PBXResourcesBuildPhase;
			buildActionMask = 2147483647;
			files = (
			);
			runOnlyForDeploymentPostprocessing = 0;
		};
		C3D068AC24E3184300C3B23D /* Resources */ = {
			isa = PBXResourcesBuildPhase;
			buildActionMask = 2147483647;
			files = (
			);
			runOnlyForDeploymentPostprocessing = 0;
		};
/* End PBXResourcesBuildPhase section */

/* Begin PBXSourcesBuildPhase section */
		C3D0688624E3184000C3B23D /* Sources */ = {
			isa = PBXSourcesBuildPhase;
			buildActionMask = 2147483647;
			files = (
				C3D0689224E3184000C3B23D /* ViewController.swift in Sources */,
				C3D0689824E3184100C3B23D /* GitHub_Example.xcdatamodeld in Sources */,
				C3D0688E24E3184000C3B23D /* AppDelegate.swift in Sources */,
				C3D0689024E3184000C3B23D /* SceneDelegate.swift in Sources */,
			);
			runOnlyForDeploymentPostprocessing = 0;
		};
		C3D0689F24E3184300C3B23D /* Sources */ = {
			isa = PBXSourcesBuildPhase;
			buildActionMask = 2147483647;
			files = (
				C3D068A824E3184300C3B23D /* GitHub_ExampleTests.swift in Sources */,
			);
			runOnlyForDeploymentPostprocessing = 0;
		};
		C3D068AA24E3184300C3B23D /* Sources */ = {
			isa = PBXSourcesBuildPhase;
			buildActionMask = 2147483647;
			files = (
				C3D068B324E3184300C3B23D /* GitHub_ExampleUITests.swift in Sources */,
			);
			runOnlyForDeploymentPostprocessing = 0;
		};
/* End PBXSourcesBuildPhase section */

/* Begin PBXTargetDependency section */
		C3D068A524E3184300C3B23D /* PBXTargetDependency */ = {
			isa = PBXTargetDependency;
			target = C3D0688924E3184000C3B23D /* GitHub Example */;
			targetProxy = C3D068A424E3184300C3B23D /* PBXContainerItemProxy */;
		};
		C3D068B024E3184300C3B23D /* PBXTargetDependency */ = {
			isa = PBXTargetDependency;
			target = C3D0688924E3184000C3B23D /* GitHub Example */;
			targetProxy = C3D068AF24E3184300C3B23D /* PBXContainerItemProxy */;
		};
/* End PBXTargetDependency section */

/* Begin PBXVariantGroup section */
		C3D0689324E3184000C3B23D /* Main.storyboard */ = {
			isa = PBXVariantGroup;
			children = (
				C3D0689424E3184000C3B23D /* Base */,
			);
			name = Main.storyboard;
			sourceTree = "<group>";
		};
		C3D0689B24E3184200C3B23D /* LaunchScreen.storyboard */ = {
			isa = PBXVariantGroup;
			children = (
				C3D0689C24E3184200C3B23D /* Base */,
			);
			name = LaunchScreen.storyboard;
			sourceTree = "<group>";
		};
/* End PBXVariantGroup section */

/* Begin XCBuildConfiguration section */
		C3D068B524E3184300C3B23D /* Debug */ = {
			isa = XCBuildConfiguration;
			buildSettings = {
				ALWAYS_SEARCH_USER_PATHS = NO;
				CLANG_ANALYZER_NONNULL = YES;
				CLANG_ANALYZER_NUMBER_OBJECT_CONVERSION = YES_AGGRESSIVE;
				CLANG_CXX_LANGUAGE_STANDARD = "gnu++14";
				CLANG_CXX_LIBRARY = "libc++";
				CLANG_ENABLE_MODULES = YES;
				CLANG_ENABLE_OBJC_ARC = YES;
				CLANG_ENABLE_OBJC_WEAK = YES;
				CLANG_WARN_BLOCK_CAPTURE_AUTORELEASING = YES;
				CLANG_WARN_BOOL_CONVERSION = YES;
				CLANG_WARN_COMMA = YES;
				CLANG_WARN_CONSTANT_CONVERSION = YES;
				CLANG_WARN_DEPRECATED_OBJC_IMPLEMENTATIONS = YES;
				CLANG_WARN_DIRECT_OBJC_ISA_USAGE = YES_ERROR;
				CLANG_WARN_DOCUMENTATION_COMMENTS = YES;
				CLANG_WARN_EMPTY_BODY = YES;
				CLANG_WARN_ENUM_CONVERSION = YES;
				CLANG_WARN_INFINITE_RECURSION = YES;
				CLANG_WARN_INT_CONVERSION = YES;
				CLANG_WARN_NON_LITERAL_NULL_CONVERSION = YES;
				CLANG_WARN_OBJC_IMPLICIT_RETAIN_SELF = YES;
				CLANG_WARN_OBJC_LITERAL_CONVERSION = YES;
				CLANG_WARN_OBJC_ROOT_CLASS = YES_ERROR;
				CLANG_WARN_RANGE_LOOP_ANALYSIS = YES;
				CLANG_WARN_STRICT_PROTOTYPES = YES;
				CLANG_WARN_SUSPICIOUS_MOVE = YES;
				CLANG_WARN_UNGUARDED_AVAILABILITY = YES_AGGRESSIVE;
				CLANG_WARN_UNREACHABLE_CODE = YES;
				CLANG_WARN__DUPLICATE_METHOD_MATCH = YES;
				COPY_PHASE_STRIP = NO;
				DEBUG_INFORMATION_FORMAT = dwarf;
				ENABLE_STRICT_OBJC_MSGSEND = YES;
				ENABLE_TESTABILITY = YES;
				GCC_C_LANGUAGE_STANDARD = gnu11;
				GCC_DYNAMIC_NO_PIC = NO;
				GCC_NO_COMMON_BLOCKS = YES;
				GCC_OPTIMIZATION_LEVEL = 0;
				GCC_PREPROCESSOR_DEFINITIONS = (
					"DEBUG=1",
					"$(inherited)",
				);
				GCC_WARN_64_TO_32_BIT_CONVERSION = YES;
				GCC_WARN_ABOUT_RETURN_TYPE = YES_ERROR;
				GCC_WARN_UNDECLARED_SELECTOR = YES;
				GCC_WARN_UNINITIALIZED_AUTOS = YES_AGGRESSIVE;
				GCC_WARN_UNUSED_FUNCTION = YES;
				GCC_WARN_UNUSED_VARIABLE = YES;
				IPHONEOS_DEPLOYMENT_TARGET = 13.6;
				MTL_ENABLE_DEBUG_INFO = INCLUDE_SOURCE;
				MTL_FAST_MATH = YES;
				ONLY_ACTIVE_ARCH = YES;
				SDKROOT = iphoneos;
				SWIFT_ACTIVE_COMPILATION_CONDITIONS = DEBUG;
				SWIFT_OPTIMIZATION_LEVEL = "-Onone";
			};
			name = Debug;
		};
		C3D068B624E3184300C3B23D /* Release */ = {
			isa = XCBuildConfiguration;
			buildSettings = {
				ALWAYS_SEARCH_USER_PATHS = NO;
				CLANG_ANALYZER_NONNULL = YES;
				CLANG_ANALYZER_NUMBER_OBJECT_CONVERSION = YES_AGGRESSIVE;
				CLANG_CXX_LANGUAGE_STANDARD = "gnu++14";
				CLANG_CXX_LIBRARY = "libc++";
				CLANG_ENABLE_MODULES = YES;
				CLANG_ENABLE_OBJC_ARC = YES;
				CLANG_ENABLE_OBJC_WEAK = YES;
				CLANG_WARN_BLOCK_CAPTURE_AUTORELEASING = YES;
				CLANG_WARN_BOOL_CONVERSION = YES;
				CLANG_WARN_COMMA = YES;
				CLANG_WARN_CONSTANT_CONVERSION = YES;
				CLANG_WARN_DEPRECATED_OBJC_IMPLEMENTATIONS = YES;
				CLANG_WARN_DIRECT_OBJC_ISA_USAGE = YES_ERROR;
				CLANG_WARN_DOCUMENTATION_COMMENTS = YES;
				CLANG_WARN_EMPTY_BODY = YES;
				CLANG_WARN_ENUM_CONVERSION = YES;
				CLANG_WARN_INFINITE_RECURSION = YES;
				CLANG_WARN_INT_CONVERSION = YES;
				CLANG_WARN_NON_LITERAL_NULL_CONVERSION = YES;
				CLANG_WARN_OBJC_IMPLICIT_RETAIN_SELF = YES;
				CLANG_WARN_OBJC_LITERAL_CONVERSION = YES;
				CLANG_WARN_OBJC_ROOT_CLASS = YES_ERROR;
				CLANG_WARN_RANGE_LOOP_ANALYSIS = YES;
				CLANG_WARN_STRICT_PROTOTYPES = YES;
				CLANG_WARN_SUSPICIOUS_MOVE = YES;
				CLANG_WARN_UNGUARDED_AVAILABILITY = YES_AGGRESSIVE;
				CLANG_WARN_UNREACHABLE_CODE = YES;
				CLANG_WARN__DUPLICATE_METHOD_MATCH = YES;
				COPY_PHASE_STRIP = NO;
				DEBUG_INFORMATION_FORMAT = "dwarf-with-dsym";
				ENABLE_NS_ASSERTIONS = NO;
				ENABLE_STRICT_OBJC_MSGSEND = YES;
				GCC_C_LANGUAGE_STANDARD = gnu11;
				GCC_NO_COMMON_BLOCKS = YES;
				GCC_WARN_64_TO_32_BIT_CONVERSION = YES;
				GCC_WARN_ABOUT_RETURN_TYPE = YES_ERROR;
				GCC_WARN_UNDECLARED_SELECTOR = YES;
				GCC_WARN_UNINITIALIZED_AUTOS = YES_AGGRESSIVE;
				GCC_WARN_UNUSED_FUNCTION = YES;
				GCC_WARN_UNUSED_VARIABLE = YES;
				IPHONEOS_DEPLOYMENT_TARGET = 13.6;
				MTL_ENABLE_DEBUG_INFO = NO;
				MTL_FAST_MATH = YES;
				SDKROOT = iphoneos;
				SWIFT_COMPILATION_MODE = wholemodule;
				SWIFT_OPTIMIZATION_LEVEL = "-O";
				VALIDATE_PRODUCT = YES;
			};
			name = Release;
		};
		C3D068B824E3184300C3B23D /* Debug */ = {
			isa = XCBuildConfiguration;
			buildSettings = {
				ASSETCATALOG_COMPILER_APPICON_NAME = AppIcon;
				CODE_SIGN_STYLE = Automatic;
				INFOPLIST_FILE = "GitHub Example/Info.plist";
				LD_RUNPATH_SEARCH_PATHS = (
					"$(inherited)",
					"@executable_path/Frameworks",
				);
				PRODUCT_BUNDLE_IDENTIFIER = "zoealves.GitHub-Example";
				PRODUCT_NAME = "$(TARGET_NAME)";
				SWIFT_VERSION = 5.0;
				TARGETED_DEVICE_FAMILY = "1,2";
			};
			name = Debug;
		};
		C3D068B924E3184300C3B23D /* Release */ = {
			isa = XCBuildConfiguration;
			buildSettings = {
				ASSETCATALOG_COMPILER_APPICON_NAME = AppIcon;
				CODE_SIGN_STYLE = Automatic;
				INFOPLIST_FILE = "GitHub Example/Info.plist";
				LD_RUNPATH_SEARCH_PATHS = (
					"$(inherited)",
					"@executable_path/Frameworks",
				);
				PRODUCT_BUNDLE_IDENTIFIER = "zoealves.GitHub-Example";
				PRODUCT_NAME = "$(TARGET_NAME)";
				SWIFT_VERSION = 5.0;
				TARGETED_DEVICE_FAMILY = "1,2";
			};
			name = Release;
		};
		C3D068BB24E3184300C3B23D /* Debug */ = {
			isa = XCBuildConfiguration;
			buildSettings = {
				ALWAYS_EMBED_SWIFT_STANDARD_LIBRARIES = YES;
				BUNDLE_LOADER = "$(TEST_HOST)";
				CODE_SIGN_STYLE = Automatic;
				INFOPLIST_FILE = "GitHub ExampleTests/Info.plist";
				IPHONEOS_DEPLOYMENT_TARGET = 13.6;
				LD_RUNPATH_SEARCH_PATHS = (
					"$(inherited)",
					"@executable_path/Frameworks",
					"@loader_path/Frameworks",
				);
				PRODUCT_BUNDLE_IDENTIFIER = "zoealves.GitHub-ExampleTests";
				PRODUCT_NAME = "$(TARGET_NAME)";
				SWIFT_VERSION = 5.0;
				TARGETED_DEVICE_FAMILY = "1,2";
				TEST_HOST = "$(BUILT_PRODUCTS_DIR)/GitHub Example.app/GitHub Example";
			};
			name = Debug;
		};
		C3D068BC24E3184300C3B23D /* Release */ = {
			isa = XCBuildConfiguration;
			buildSettings = {
				ALWAYS_EMBED_SWIFT_STANDARD_LIBRARIES = YES;
				BUNDLE_LOADER = "$(TEST_HOST)";
				CODE_SIGN_STYLE = Automatic;
				INFOPLIST_FILE = "GitHub ExampleTests/Info.plist";
				IPHONEOS_DEPLOYMENT_TARGET = 13.6;
				LD_RUNPATH_SEARCH_PATHS = (
					"$(inherited)",
					"@executable_path/Frameworks",
					"@loader_path/Frameworks",
				);
				PRODUCT_BUNDLE_IDENTIFIER = "zoealves.GitHub-ExampleTests";
				PRODUCT_NAME = "$(TARGET_NAME)";
				SWIFT_VERSION = 5.0;
				TARGETED_DEVICE_FAMILY = "1,2";
				TEST_HOST = "$(BUILT_PRODUCTS_DIR)/GitHub Example.app/GitHub Example";
			};
			name = Release;
		};
		C3D068BE24E3184300C3B23D /* Debug */ = {
			isa = XCBuildConfiguration;
			buildSettings = {
				ALWAYS_EMBED_SWIFT_STANDARD_LIBRARIES = YES;
				CODE_SIGN_STYLE = Automatic;
				INFOPLIST_FILE = "GitHub ExampleUITests/Info.plist";
				LD_RUNPATH_SEARCH_PATHS = (
					"$(inherited)",
					"@executable_path/Frameworks",
					"@loader_path/Frameworks",
				);
				PRODUCT_BUNDLE_IDENTIFIER = "zoealves.GitHub-ExampleUITests";
				PRODUCT_NAME = "$(TARGET_NAME)";
				SWIFT_VERSION = 5.0;
				TARGETED_DEVICE_FAMILY = "1,2";
				TEST_TARGET_NAME = "GitHub Example";
			};
			name = Debug;
		};
		C3D068BF24E3184300C3B23D /* Release */ = {
			isa = XCBuildConfiguration;
			buildSettings = {
				ALWAYS_EMBED_SWIFT_STANDARD_LIBRARIES = YES;
				CODE_SIGN_STYLE = Automatic;
				INFOPLIST_FILE = "GitHub ExampleUITests/Info.plist";
				LD_RUNPATH_SEARCH_PATHS = (
					"$(inherited)",
					"@executable_path/Frameworks",
					"@loader_path/Frameworks",
				);
				PRODUCT_BUNDLE_IDENTIFIER = "zoealves.GitHub-ExampleUITests";
				PRODUCT_NAME = "$(TARGET_NAME)";
				SWIFT_VERSION = 5.0;
				TARGETED_DEVICE_FAMILY = "1,2";
				TEST_TARGET_NAME = "GitHub Example";
			};
			name = Release;
		};
/* End XCBuildConfiguration section */

/* Begin XCConfigurationList section */
		C3D0688524E3184000C3B23D /* Build configuration list for PBXProject "GitHub Example" */ = {
			isa = XCConfigurationList;
			buildConfigurations = (
				C3D068B524E3184300C3B23D /* Debug */,
				C3D068B624E3184300C3B23D /* Release */,
			);
			defaultConfigurationIsVisible = 0;
			defaultConfigurationName = Release;
		};
		C3D068B724E3184300C3B23D /* Build configuration list for PBXNativeTarget "GitHub Example" */ = {
			isa = XCConfigurationList;
			buildConfigurations = (
				C3D068B824E3184300C3B23D /* Debug */,
				C3D068B924E3184300C3B23D /* Release */,
			);
			defaultConfigurationIsVisible = 0;
			defaultConfigurationName = Release;
		};
		C3D068BA24E3184300C3B23D /* Build configuration list for PBXNativeTarget "GitHub ExampleTests" */ = {
			isa = XCConfigurationList;
			buildConfigurations = (
				C3D068BB24E3184300C3B23D /* Debug */,
				C3D068BC24E3184300C3B23D /* Release */,
			);
			defaultConfigurationIsVisible = 0;
			defaultConfigurationName = Release;
		};
		C3D068BD24E3184300C3B23D /* Build configuration list for PBXNativeTarget "GitHub ExampleUITests" */ = {
			isa = XCConfigurationList;
			buildConfigurations = (
				C3D068BE24E3184300C3B23D /* Debug */,
				C3D068BF24E3184300C3B23D /* Release */,
			);
			defaultConfigurationIsVisible = 0;
			defaultConfigurationName = Release;
		};
/* End XCConfigurationList section */

/* Begin XCVersionGroup section */
		C3D0689624E3184000C3B23D /* GitHub_Example.xcdatamodeld */ = {
			isa = XCVersionGroup;
			children = (
				C3D0689724E3184100C3B23D /* GitHub_Example.xcdatamodel */,
			);
			currentVersion = C3D0689724E3184100C3B23D /* GitHub_Example.xcdatamodel */;
			path = GitHub_Example.xcdatamodeld;
			sourceTree = "<group>";
			versionGroupType = wrapper.xcdatamodel;
		};
/* End XCVersionGroup section */
	};
	rootObject = C3D0688224E3184000C3B23D /* Project object */;
}
